
Microsoft Visual Studio Solution File, Format Version 12.00
# Visual Studio Version 16
VisualStudioVersion = 16.0.30406.217
MinimumVisualStudioVersion = 10.0.40219.1
Project("{FAE04EC0-301F-11D3-BF4B-00C04F79EFBC}") = "Website_Categorize", "Website_Categorize\Website_Categorize.csproj", "{31A79F8C-7726-4BC4-AD16-FE60AF20B4DA}"
EndProject
Global
	GlobalSection(SolutionConfigurationPlatforms) = preSolution
		Debug|Any CPU = Debug|Any CPU
		Release|Any CPU = Release|Any CPU
	EndGlobalSection
	GlobalSection(ProjectConfigurationPlatforms) = postSolution
		{31A79F8C-7726-4BC4-AD16-FE60AF20B4DA}.Debug|Any CPU.ActiveCfg = Debug|Any CPU
		{31A79F8C-7726-4BC4-AD16-FE60AF20B4DA}.Debug|Any CPU.Build.0 = Debug|Any CPU
		{31A79F8C-7726-4BC4-AD16-FE60AF20B4DA}.Release|Any CPU.ActiveCfg = Release|Any CPU
		{31A79F8C-7726-4BC4-AD16-FE60AF20B4DA}.Release|Any CPU.Build.0 = Release|Any CPU
	EndGlobalSection
	GlobalSection(SolutionProperties) = preSolution
		HideSolutionNode = FALSE
	EndGlobalSection
	GlobalSection(ExtensibilityGlobals) = postSolution
		SolutionGuid = {E6A9F244-9CB4-4FB8-905A-49D120998C93}
	EndGlobalSection
EndGlobal
